
Microsoft Visual Studio Solution File, Format Version 12.00
# Visual Studio Version 17
VisualStudioVersion = 17.13.35825.156
MinimumVisualStudioVersion = 10.0.40219.1
Project("{FAE04EC0-301F-11D3-BF4B-00C04F79EFBC}") = "GettingReal", "GettingReal.csproj", "{365574F8-1E92-46B5-A90B-5216DB2C3740}"
EndProject
Project("{FAE04EC0-301F-11D3-BF4B-00C04F79EFBC}") = "GettingRealTests", "GettingRealTests\GettingRealTests.csproj", "{00AD1883-3E9D-4682-A226-0B4F7F979E8B}"
EndProject
Global
	GlobalSection(SolutionConfigurationPlatforms) = preSolution
		Debug|Any CPU = Debug|Any CPU
		Release|Any CPU = Release|Any CPU
	EndGlobalSection
	GlobalSection(ProjectConfigurationPlatforms) = postSolution
		{365574F8-1E92-46B5-A90B-5216DB2C3740}.Debug|Any CPU.ActiveCfg = Debug|Any CPU
		{365574F8-1E92-46B5-A90B-5216DB2C3740}.Debug|Any CPU.Build.0 = Debug|Any CPU
		{365574F8-1E92-46B5-A90B-5216DB2C3740}.Release|Any CPU.ActiveCfg = Release|Any CPU
		{365574F8-1E92-46B5-A90B-5216DB2C3740}.Release|Any CPU.Build.0 = Release|Any CPU
		{00AD1883-3E9D-4682-A226-0B4F7F979E8B}.Debug|Any CPU.ActiveCfg = Debug|Any CPU
		{00AD1883-3E9D-4682-A226-0B4F7F979E8B}.Debug|Any CPU.Build.0 = Debug|Any CPU
		{00AD1883-3E9D-4682-A226-0B4F7F979E8B}.Release|Any CPU.ActiveCfg = Release|Any CPU
		{00AD1883-3E9D-4682-A226-0B4F7F979E8B}.Release|Any CPU.Build.0 = Release|Any CPU
	EndGlobalSection
	GlobalSection(SolutionProperties) = preSolution
		HideSolutionNode = FALSE
	EndGlobalSection
	GlobalSection(ExtensibilityGlobals) = postSolution
		SolutionGuid = {DC2C6CDF-98C4-44DB-B40E-856080E8EA97}
	EndGlobalSection
EndGlobal
